
Microsoft Visual Studio Solution File, Format Version 12.00
# Visual Studio 2013
VisualStudioVersion = 12.0.40629.0
MinimumVisualStudioVersion = 10.0.40219.1
Project("{8BC9CEB8-8B4A-11D0-8D11-00A0C91BC942}") = "Controller", "Controller\Controller.vcxproj", "{4D060907-8515-4ACF-A179-351329B7EBA3}"
EndProject
Project("{8BC9CEB8-8B4A-11D0-8D11-00A0C91BC942}") = "ControllerUnitTests", "ControllerUnitTests\ControllerUnitTests.vcxproj", "{CF84A38D-D409-423A-BC7A-5D393273AEC5}"
EndProject
Global
	GlobalSection(SolutionConfigurationPlatforms) = preSolution
		Debug|Win32 = Debug|Win32
		Release|Win32 = Release|Win32
	EndGlobalSection
	GlobalSection(ProjectConfigurationPlatforms) = postSolution
		{4D060907-8515-4ACF-A179-351329B7EBA3}.Debug|Win32.ActiveCfg = Release|Win32
		{4D060907-8515-4ACF-A179-351329B7EBA3}.Debug|Win32.Build.0 = Release|Win32
		{4D060907-8515-4ACF-A179-351329B7EBA3}.Release|Win32.ActiveCfg = Debug|Win32
		{4D060907-8515-4ACF-A179-351329B7EBA3}.Release|Win32.Build.0 = Debug|Win32
		{CF84A38D-D409-423A-BC7A-5D393273AEC5}.Debug|Win32.ActiveCfg = Debug|Win32
		{CF84A38D-D409-423A-BC7A-5D393273AEC5}.Debug|Win32.Build.0 = Debug|Win32
		{CF84A38D-D409-423A-BC7A-5D393273AEC5}.Debug|Win32.Deploy.0 = Debug|Win32
		{CF84A38D-D409-423A-BC7A-5D393273AEC5}.Release|Win32.ActiveCfg = Release|Win32
		{CF84A38D-D409-423A-BC7A-5D393273AEC5}.Release|Win32.Build.0 = Release|Win32
	EndGlobalSection
	GlobalSection(SolutionProperties) = preSolution
		HideSolutionNode = FALSE
	EndGlobalSection
EndGlobal
